{
  "nodes": {
    "fenix": {
      "inputs": {
        "nixpkgs": [
          "nixpkgs"
        ],
        "rust-analyzer-src": "rust-analyzer-src"
      },
      "locked": {
        "lastModified": 1697955619,
        "narHash": "sha256-tV+03687ZIYGOfwZ4mpj87RqIr+Lk5G2izpyGoxBUZ0=",
        "owner": "nix-community",
        "repo": "fenix",
        "rev": "d68b510034f2cf72ad65a792cb6b5003720aae0e",
        "type": "github"
      },
      "original": {
        "owner": "nix-community",
        "repo": "fenix",
        "type": "github"
      }
    },
    "naersk": {
      "inputs": {
        "nixpkgs": [
          "nixpkgs"
        ]
      },
      "locked": {
        "lastModified": 1697664192,
        "narHash": "sha256-nRTG3rYEGFV2+putRiC96+kNXDyKaPJgT6K/1FWN7yo=",
        "owner": "nix-community",
        "repo": "naersk",
        "rev": "636a9b5dd7f2ad7d7c3af929ecf95e4d4fab9e97",
        "type": "github"
      },
      "original": {
        "owner": "nix-community",
        "repo": "naersk",
        "type": "github"
      }
    },
    "nixpkgs": {
      "locked": {
        "lastModified": 1697915759,
        "narHash": "sha256-WyMj5jGcecD+KC8gEs+wFth1J1wjisZf8kVZH13f1Zo=",
        "owner": "NixOS",
        "repo": "nixpkgs",
        "rev": "51d906d2341c9e866e48c2efcaac0f2d70bfd43e",
        "type": "github"
      },
      "original": {
        "owner": "NixOS",
        "ref": "nixpkgs-unstable",
        "repo": "nixpkgs",
        "type": "github"
      }
    },
    "root": {
      "inputs": {
        "fenix": "fenix",
        "naersk": "naersk",
        "nixpkgs": "nixpkgs",
        "utils": "utils"
      }
    },
    "rust-analyzer-src": {
      "flake": false,
      "locked": {
        "lastModified": 1697904622,
        "narHash": "sha256-WhVLcHRylZPFbRuyKFKwrrppKiPnDb7lnytswXOaNVI=",
        "owner": "rust-lang",
        "repo": "rust-analyzer",
        "rev": "7c11399b6bc5cf7a0b12a506a4b155a4be0458ee",
        "type": "github"
      },
      "original": {
        "owner": "rust-lang",
        "ref": "nightly",
        "repo": "rust-analyzer",
        "type": "github"
      }
    },
    "systems": {
      "locked": {
        "lastModified": 1681028828,
        "narHash": "sha256-Vy1rq5AaRuLzOxct8nz4T6wlgyUR7zLU309k9mBC768=",
        "owner": "nix-systems",
        "repo": "default",
        "rev": "da67096a3b9bf56a91d16901293e51ba5b49a27e",
        "type": "github"
      },
      "original": {
        "owner": "nix-systems",
        "repo": "default",
        "type": "github"
      }
    },
    "utils": {
      "inputs": {
        "systems": "systems"
      },
      "locked": {
        "lastModified": 1694529238,
        "narHash": "sha256-zsNZZGTGnMOf9YpHKJqMSsa0dXbfmxeoJ7xHlrt+xmY=",
        "owner": "numtide",
        "repo": "flake-utils",
        "rev": "ff7b65b44d01cf9ba6a71320833626af21126384",
        "type": "github"
      },
      "original": {
        "owner": "numtide",
        "repo": "flake-utils",
        "type": "github"
      }
    }
  },
  "root": "root",
  "version": 7
}
